
Microsoft Visual Studio Solution File, Format Version 12.00
# Visual Studio Version 17
VisualStudioVersion = 17.1.32407.343
MinimumVisualStudioVersion = 10.0.40219.1
Project("{FAE04EC0-301F-11D3-BF4B-00C04F79EFBC}") = "taskAssign", "taskAssign.csproj", "{DB170895-398D-4AC9-98C9-1E5BB7B74C59}"
EndProject
Global
	GlobalSection(SolutionConfigurationPlatforms) = preSolution
		Debug|Any CPU = Debug|Any CPU
		Release|Any CPU = Release|Any CPU
	EndGlobalSection
	GlobalSection(ProjectConfigurationPlatforms) = postSolution
		{DB170895-398D-4AC9-98C9-1E5BB7B74C59}.Debug|Any CPU.ActiveCfg = Debug|Any CPU
		{DB170895-398D-4AC9-98C9-1E5BB7B74C59}.Debug|Any CPU.Build.0 = Debug|Any CPU
		{DB170895-398D-4AC9-98C9-1E5BB7B74C59}.Release|Any CPU.ActiveCfg = Release|Any CPU
		{DB170895-398D-4AC9-98C9-1E5BB7B74C59}.Release|Any CPU.Build.0 = Release|Any CPU
	EndGlobalSection
	GlobalSection(SolutionProperties) = preSolution
		HideSolutionNode = FALSE
	EndGlobalSection
	GlobalSection(ExtensibilityGlobals) = postSolution
		SolutionGuid = {B0A14011-CCF2-4308-896E-302C5A5B6203}
	EndGlobalSection
EndGlobal
